Microsoft Visual Studio Solution File, Format Version 12.00
# Visual Studio 2012
Project("{FAE04EC0-301F-11D3-BF4B-00C04F79EFBC}") = "TronRace", "TronRace.csproj", "{C357AAAF-3EF1-46D0-A7CA-736C24E84098}"
EndProject
Global
	GlobalSection(SolutionConfigurationPlatforms) = preSolution
	Debug|Any CPU = Debug|Any CPU
	ExportDebug|Any CPU = ExportDebug|Any CPU
	ExportRelease|Any CPU = ExportRelease|Any CPU
	EndGlobalSection
	GlobalSection(ProjectConfigurationPlatforms) = postSolution
		{C357AAAF-3EF1-46D0-A7CA-736C24E84098}.Debug|Any CPU.ActiveCfg = Debug|Any CPU
		{C357AAAF-3EF1-46D0-A7CA-736C24E84098}.Debug|Any CPU.Build.0 = Debug|Any CPU
		{C357AAAF-3EF1-46D0-A7CA-736C24E84098}.ExportDebug|Any CPU.ActiveCfg = ExportDebug|Any CPU
		{C357AAAF-3EF1-46D0-A7CA-736C24E84098}.ExportDebug|Any CPU.Build.0 = ExportDebug|Any CPU
		{C357AAAF-3EF1-46D0-A7CA-736C24E84098}.ExportRelease|Any CPU.ActiveCfg = ExportRelease|Any CPU
		{C357AAAF-3EF1-46D0-A7CA-736C24E84098}.ExportRelease|Any CPU.Build.0 = ExportRelease|Any CPU
	EndGlobalSection
EndGlobal
